
Microsoft Visual Studio Solution File, Format Version 12.00
# Visual Studio Version 16
VisualStudioVersion = 16.0.31112.23
MinimumVisualStudioVersion = 10.0.40219.1
Project("{9A19103F-16F7-4668-BE54-9A1E7A4F7556}") = "MyFirstImageComposition", "MyFirstImageComposition\MyFirstImageComposition.csproj", "{2B5A25FA-3EE7-4DD3-8086-00965C5046D0}"
EndProject
Project("{FAE04EC0-301F-11D3-BF4B-00C04F79EFBC}") = "Senjum", "Senjum\Senjum.csproj", "{23EC97A1-79B8-4E7A-8AAB-6049AEE3A217}"
EndProject
Global
	GlobalSection(SolutionConfigurationPlatforms) = preSolution
		Debug|Any CPU = Debug|Any CPU
		Release|Any CPU = Release|Any CPU
	EndGlobalSection
	GlobalSection(ProjectConfigurationPlatforms) = postSolution
		{2B5A25FA-3EE7-4DD3-8086-00965C5046D0}.Debug|Any CPU.ActiveCfg = Debug|Any CPU
		{2B5A25FA-3EE7-4DD3-8086-00965C5046D0}.Debug|Any CPU.Build.0 = Debug|Any CPU
		{2B5A25FA-3EE7-4DD3-8086-00965C5046D0}.Release|Any CPU.ActiveCfg = Release|Any CPU
		{2B5A25FA-3EE7-4DD3-8086-00965C5046D0}.Release|Any CPU.Build.0 = Release|Any CPU
		{23EC97A1-79B8-4E7A-8AAB-6049AEE3A217}.Debug|Any CPU.ActiveCfg = Debug|Any CPU
		{23EC97A1-79B8-4E7A-8AAB-6049AEE3A217}.Debug|Any CPU.Build.0 = Debug|Any CPU
		{23EC97A1-79B8-4E7A-8AAB-6049AEE3A217}.Release|Any CPU.ActiveCfg = Release|Any CPU
		{23EC97A1-79B8-4E7A-8AAB-6049AEE3A217}.Release|Any CPU.Build.0 = Release|Any CPU
	EndGlobalSection
	GlobalSection(SolutionProperties) = preSolution
		HideSolutionNode = FALSE
	EndGlobalSection
	GlobalSection(ExtensibilityGlobals) = postSolution
		SolutionGuid = {7ABDCF0F-711F-4487-8AC1-4A26C584420C}
	EndGlobalSection
EndGlobal
